
Microsoft Visual Studio Solution File, Format Version 12.00
# Visual Studio 2015
Project("{FAE04EC0-301F-11D3-BF4B-00C04F79EFBC}") = "NewWorld.CSharp.Plugins", "NewWorld.CSharp.Plugins.csproj", "{87AA81F0-B7E0-3543-1132-B150DE412821}"
EndProject
Project("{FAE04EC0-301F-11D3-BF4B-00C04F79EFBC}") = "NewWorld.CSharp", "NewWorld.CSharp.csproj", "{0200B01C-0A29-C524-2189-CCD0F168553A}"
EndProject
Project("{FAE04EC0-301F-11D3-BF4B-00C04F79EFBC}") = "NewWorld.CSharp.Editor", "NewWorld.CSharp.Editor.csproj", "{75081A2B-47FF-CACD-A2F4-D6FFF90897BB}"
EndProject
Global
	GlobalSection(SolutionConfigurationPlatforms) = preSolution
		Debug|Any CPU = Debug|Any CPU
		Release|Any CPU = Release|Any CPU
	EndGlobalSection
	GlobalSection(ProjectConfigurationPlatforms) = postSolution
		{87AA81F0-B7E0-3543-1132-B150DE412821}.Debug|Any CPU.ActiveCfg = Debug|Any CPU
		{87AA81F0-B7E0-3543-1132-B150DE412821}.Debug|Any CPU.Build.0 = Debug|Any CPU
		{87AA81F0-B7E0-3543-1132-B150DE412821}.Release|Any CPU.ActiveCfg = Release|Any CPU
		{87AA81F0-B7E0-3543-1132-B150DE412821}.Release|Any CPU.Build.0 = Release|Any CPU
		{0200B01C-0A29-C524-2189-CCD0F168553A}.Debug|Any CPU.ActiveCfg = Debug|Any CPU
		{0200B01C-0A29-C524-2189-CCD0F168553A}.Debug|Any CPU.Build.0 = Debug|Any CPU
		{0200B01C-0A29-C524-2189-CCD0F168553A}.Release|Any CPU.ActiveCfg = Release|Any CPU
		{0200B01C-0A29-C524-2189-CCD0F168553A}.Release|Any CPU.Build.0 = Release|Any CPU
		{75081A2B-47FF-CACD-A2F4-D6FFF90897BB}.Debug|Any CPU.ActiveCfg = Debug|Any CPU
		{75081A2B-47FF-CACD-A2F4-D6FFF90897BB}.Debug|Any CPU.Build.0 = Debug|Any CPU
		{75081A2B-47FF-CACD-A2F4-D6FFF90897BB}.Release|Any CPU.ActiveCfg = Release|Any CPU
		{75081A2B-47FF-CACD-A2F4-D6FFF90897BB}.Release|Any CPU.Build.0 = Release|Any CPU
	EndGlobalSection
	GlobalSection(SolutionProperties) = preSolution
		HideSolutionNode = FALSE
	EndGlobalSection
EndGlobal
